// !$*UTF8*$!
{
	archiveVersion = 1;
	classes = {
	};
	objectVersion = 56;
	objects = {

/* Begin PBXBuildFile section */
		AC13677F296CB10500F480CE /* DopeCowApp.swift in Sources */ = {isa = PBXBuildFile; fileRef = AC13677E296CB10500F480CE /* DopeCowApp.swift */; };
		AC136781296CB10500F480CE /* ContentView.swift in Sources */ = {isa = PBXBuildFile; fileRef = AC136780296CB10500F480CE /* ContentView.swift */; };
		AC136783296CB10600F480CE /* Assets.xcassets in Resources */ = {isa = PBXBuildFile; fileRef = AC136782296CB10600F480CE /* Assets.xcassets */; };
		AC136786296CB10600F480CE /* Preview Assets.xcassets in Resources */ = {isa = PBXBuildFile; fileRef = AC136785296CB10600F480CE /* Preview Assets.xcassets */; };
		AC13678F296CB12100F480CE /* vm_unaligned_copy_switch_race.c in Sources */ = {isa = PBXBuildFile; fileRef = AC13678E296CB12100F480CE /* vm_unaligned_copy_switch_race.c */; };
		AC136794296CB1C200F480CE /* DopeCowImplement.swift in Sources */ = {isa = PBXBuildFile; fileRef = AC136793296CB1C200F480CE /* DopeCowImplement.swift */; };
		AC136796296CB27C00F480CE /* Overwrite.swift in Sources */ = {isa = PBXBuildFile; fileRef = AC136795296CB27C00F480CE /* Overwrite.swift */; };
		AC305686296DFF3C00EDD7BC /* Sounds in Resources */ = {isa = PBXBuildFile; fileRef = AC305685296DFF3C00EDD7BC /* Sounds */; };
		ACD3993E296F69FB000581F3 /* BatteryMagsafe_Haptic.caf in Resources */ = {isa = PBXBuildFile; fileRef = ACD3993D296F69EB000581F3 /* BatteryMagsafe_Haptic.caf */; };
		ACD3993F296F69FD000581F3 /* AppleWatchUnlock.caf in Resources */ = {isa = PBXBuildFile; fileRef = ACD3993C296F69E8000581F3 /* AppleWatchUnlock.caf */; };
		ACDE8592296F54F400A43952 /* FilePicker in Frameworks */ = {isa = PBXBuildFile; productRef = ACDE8591296F54F400A43952 /* FilePicker */; };
/* End PBXBuildFile section */

/* Begin PBXFileReference section */
		AC13677B296CB10500F480CE /* DopeCow.app */ = {isa = PBXFileReference; explicitFileType = wrapper.application; includeInIndex = 0; path = DopeCow.app; sourceTree = BUILT_PRODUCTS_DIR; };
		AC13677E296CB10500F480CE /* DopeCowApp.swift */ = {isa = PBXFileReference; lastKnownFileType = sourcecode.swift; path = DopeCowApp.swift; sourceTree = "<group>"; };
		AC136780296CB10500F480CE /* ContentView.swift */ = {isa = PBXFileReference; lastKnownFileType = sourcecode.swift; path = ContentView.swift; sourceTree = "<group>"; };
		AC136782296CB10600F480CE /* Assets.xcassets */ = {isa = PBXFileReference; lastKnownFileType = folder.assetcatalog; path = Assets.xcassets; sourceTree = "<group>"; };
		AC136785296CB10600F480CE /* Preview Assets.xcassets */ = {isa = PBXFileReference; lastKnownFileType = folder.assetcatalog; path = "Preview Assets.xcassets"; sourceTree = "<group>"; };
		AC13678C296CB12000F480CE /* DopeCow-Bridging-Header.h */ = {isa = PBXFileReference; lastKnownFileType = sourcecode.c.h; path = "DopeCow-Bridging-Header.h"; sourceTree = "<group>"; };
		AC13678D296CB12100F480CE /* vm_unaligned_copy_switch_race.h */ = {isa = PBXFileReference; lastKnownFileType = sourcecode.c.h; path = vm_unaligned_copy_switch_race.h; sourceTree = "<group>"; };
		AC13678E296CB12100F480CE /* vm_unaligned_copy_switch_race.c */ = {isa = PBXFileReference; lastKnownFileType = sourcecode.c.c; path = vm_unaligned_copy_switch_race.c; sourceTree = "<group>"; };
		AC136793296CB1C200F480CE /* DopeCowImplement.swift */ = {isa = PBXFileReference; lastKnownFileType = sourcecode.swift; path = DopeCowImplement.swift; sourceTree = "<group>"; };
		AC136795296CB27C00F480CE /* Overwrite.swift */ = {isa = PBXFileReference; lastKnownFileType = sourcecode.swift; path = Overwrite.swift; sourceTree = "<group>"; };
		AC305685296DFF3C00EDD7BC /* Sounds */ = {isa = PBXFileReference; lastKnownFileType = folder; name = Sounds; path = DopeCow/Sounds; sourceTree = SOURCE_ROOT; };
		ACD3993C296F69E8000581F3 /* AppleWatchUnlock.caf */ = {isa = PBXFileReference; lastKnownFileType = file; name = AppleWatchUnlock.caf; path = DopeCow/AppleWatchUnlock.caf; sourceTree = SOURCE_ROOT; };
		ACD3993D296F69EB000581F3 /* BatteryMagsafe_Haptic.caf */ = {isa = PBXFileReference; lastKnownFileType = file; name = BatteryMagsafe_Haptic.caf; path = DopeCow/BatteryMagsafe_Haptic.caf; sourceTree = SOURCE_ROOT; };
/* End PBXFileReference section */

/* Begin PBXFrameworksBuildPhase section */
		AC136778296CB10500F480CE /* Frameworks */ = {
			isa = PBXFrameworksBuildPhase;
			buildActionMask = 2147483647;
			files = (
				ACDE8592296F54F400A43952 /* FilePicker in Frameworks */,
			);
			runOnlyForDeploymentPostprocessing = 0;
		};
/* End PBXFrameworksBuildPhase section */

/* Begin PBXGroup section */
		AC136772296CB10500F480CE = {
			isa = PBXGroup;
			children = (
				AC13677D296CB10500F480CE /* DopeCow */,
				AC13677C296CB10500F480CE /* Products */,
			);
			sourceTree = "<group>";
		};
		AC13677C296CB10500F480CE /* Products */ = {
			isa = PBXGroup;
			children = (
				AC13677B296CB10500F480CE /* DopeCow.app */,
			);
			name = Products;
			sourceTree = "<group>";
		};
		AC13677D296CB10500F480CE /* DopeCow */ = {
			isa = PBXGroup;
			children = (
				AC13677E296CB10500F480CE /* DopeCowApp.swift */,
				AC136780296CB10500F480CE /* ContentView.swift */,
				AC136793296CB1C200F480CE /* DopeCowImplement.swift */,
				AC13678D296CB12100F480CE /* vm_unaligned_copy_switch_race.h */,
				AC13678E296CB12100F480CE /* vm_unaligned_copy_switch_race.c */,
				ACD3993C296F69E8000581F3 /* AppleWatchUnlock.caf */,
				ACD3993D296F69EB000581F3 /* BatteryMagsafe_Haptic.caf */,
				AC305685296DFF3C00EDD7BC /* Sounds */,
				AC136782296CB10600F480CE /* Assets.xcassets */,
				AC13678C296CB12000F480CE /* DopeCow-Bridging-Header.h */,
				AC136784296CB10600F480CE /* Preview Content */,
				AC136795296CB27C00F480CE /* Overwrite.swift */,
			);
			path = DopeCow;
			sourceTree = "<group>";
		};
		AC136784296CB10600F480CE /* Preview Content */ = {
			isa = PBXGroup;
			children = (
				AC136785296CB10600F480CE /* Preview Assets.xcassets */,
			);
			path = "Preview Content";
			sourceTree = "<group>";
		};
/* End PBXGroup section */

/* Begin PBXNativeTarget section */
		AC13677A296CB10500F480CE /* DopeCow */ = {
			isa = PBXNativeTarget;
			buildConfigurationList = AC136789296CB10600F480CE /* Build configuration list for PBXNativeTarget "DopeCow" */;
			buildPhases = (
				AC136777296CB10500F480CE /* Sources */,
				AC136778296CB10500F480CE /* Frameworks */,
				AC136779296CB10500F480CE /* Resources */,
			);
			buildRules = (
			);
			dependencies = (
			);
			name = DopeCow;
			packageProductDependencies = (
				ACDE8591296F54F400A43952 /* FilePicker */,
			);
			productName = DopeCow;
			productReference = AC13677B296CB10500F480CE /* DopeCow.app */;
			productType = "com.apple.product-type.application";
		};
/* End PBXNativeTarget section */

/* Begin PBXProject section */
		AC136773296CB10500F480CE /* Project object */ = {
			isa = PBXProject;
			attributes = {
				BuildIndependentTargetsInParallel = 1;
				LastSwiftUpdateCheck = 1410;
				LastUpgradeCheck = 1410;
				TargetAttributes = {
					AC13677A296CB10500F480CE = {
						CreatedOnToolsVersion = 14.1;
						LastSwiftMigration = 1410;
					};
				};
			};
			buildConfigurationList = AC136776296CB10500F480CE /* Build configuration list for PBXProject "DopeCow" */;
			compatibilityVersion = "Xcode 14.0";
			developmentRegion = en;
			hasScannedForEncodings = 0;
			knownRegions = (
				en,
				Base,
			);
			mainGroup = AC136772296CB10500F480CE;
			packageReferences = (
				ACDE8590296F54F400A43952 /* XCRemoteSwiftPackageReference "FilePicker" */,
			);
			productRefGroup = AC13677C296CB10500F480CE /* Products */;
			projectDirPath = "";
			projectRoot = "";
			targets = (
				AC13677A296CB10500F480CE /* DopeCow */,
			);
		};
/* End PBXProject section */

/* Begin PBXResourcesBuildPhase section */
		AC136779296CB10500F480CE /* Resources */ = {
			isa = PBXResourcesBuildPhase;
			buildActionMask = 2147483647;
			files = (
				ACD3993E296F69FB000581F3 /* BatteryMagsafe_Haptic.caf in Resources */,
				AC136786296CB10600F480CE /* Preview Assets.xcassets in Resources */,
				AC136783296CB10600F480CE /* Assets.xcassets in Resources */,
				ACD3993F296F69FD000581F3 /* AppleWatchUnlock.caf in Resources */,
				AC305686296DFF3C00EDD7BC /* Sounds in Resources */,
			);
			runOnlyForDeploymentPostprocessing = 0;
		};
/* End PBXResourcesBuildPhase section */

/* Begin PBXSourcesBuildPhase section */
		AC136777296CB10500F480CE /* Sources */ = {
			isa = PBXSourcesBuildPhase;
			buildActionMask = 2147483647;
			files = (
				AC136781296CB10500F480CE /* ContentView.swift in Sources */,
				AC136796296CB27C00F480CE /* Overwrite.swift in Sources */,
				AC136794296CB1C200F480CE /* DopeCowImplement.swift in Sources */,
				AC13677F296CB10500F480CE /* DopeCowApp.swift in Sources */,
				AC13678F296CB12100F480CE /* vm_unaligned_copy_switch_race.c in Sources */,
			);
			runOnlyForDeploymentPostprocessing = 0;
		};
/* End PBXSourcesBuildPhase section */

/* Begin XCBuildConfiguration section */
		AC136787296CB10600F480CE /* Debug */ = {
			isa = XCBuildConfiguration;
			buildSettings = {
				ALWAYS_SEARCH_USER_PATHS = NO;
				CLANG_ANALYZER_NONNULL = YES;
				CLANG_ANALYZER_NUMBER_OBJECT_CONVERSION = YES_AGGRESSIVE;
				CLANG_CXX_LANGUAGE_STANDARD = "gnu++20";
				CLANG_ENABLE_MODULES = YES;
				CLANG_ENABLE_OBJC_ARC = YES;
				CLANG_ENABLE_OBJC_WEAK = YES;
				CLANG_WARN_BLOCK_CAPTURE_AUTORELEASING = YES;
				CLANG_WARN_BOOL_CONVERSION = YES;
				CLANG_WARN_COMMA = YES;
				CLANG_WARN_CONSTANT_CONVERSION = YES;
				CLANG_WARN_DEPRECATED_OBJC_IMPLEMENTATIONS = YES;
				CLANG_WARN_DIRECT_OBJC_ISA_USAGE = YES_ERROR;
				CLANG_WARN_DOCUMENTATION_COMMENTS = YES;
				CLANG_WARN_EMPTY_BODY = YES;
				CLANG_WARN_ENUM_CONVERSION = YES;
				CLANG_WARN_INFINITE_RECURSION = YES;
				CLANG_WARN_INT_CONVERSION = YES;
				CLANG_WARN_NON_LITERAL_NULL_CONVERSION = YES;
				CLANG_WARN_OBJC_IMPLICIT_RETAIN_SELF = YES;
				CLANG_WARN_OBJC_LITERAL_CONVERSION = YES;
				CLANG_WARN_OBJC_ROOT_CLASS = YES_ERROR;
				CLANG_WARN_QUOTED_INCLUDE_IN_FRAMEWORK_HEADER = YES;
				CLANG_WARN_RANGE_LOOP_ANALYSIS = YES;
				CLANG_WARN_STRICT_PROTOTYPES = YES;
				CLANG_WARN_SUSPICIOUS_MOVE = YES;
				CLANG_WARN_UNGUARDED_AVAILABILITY = YES_AGGRESSIVE;
				CLANG_WARN_UNREACHABLE_CODE = YES;
				CLANG_WARN__DUPLICATE_METHOD_MATCH = YES;
				COPY_PHASE_STRIP = NO;
				DEBUG_INFORMATION_FORMAT = dwarf;
				ENABLE_STRICT_OBJC_MSGSEND = YES;
				ENABLE_TESTABILITY = YES;
				GCC_C_LANGUAGE_STANDARD = gnu11;
				GCC_DYNAMIC_NO_PIC = NO;
				GCC_NO_COMMON_BLOCKS = YES;
				GCC_OPTIMIZATION_LEVEL = 0;
				GCC_PREPROCESSOR_DEFINITIONS = (
					"DEBUG=1",
					"$(inherited)",
				);
				GCC_WARN_64_TO_32_BIT_CONVERSION = YES;
				GCC_WARN_ABOUT_RETURN_TYPE = YES_ERROR;
				GCC_WARN_UNDECLARED_SELECTOR = YES;
				GCC_WARN_UNINITIALIZED_AUTOS = YES_AGGRESSIVE;
				GCC_WARN_UNUSED_FUNCTION = YES;
				GCC_WARN_UNUSED_VARIABLE = YES;
				IPHONEOS_DEPLOYMENT_TARGET = 16.1;
				MTL_ENABLE_DEBUG_INFO = INCLUDE_SOURCE;
				MTL_FAST_MATH = YES;
				ONLY_ACTIVE_ARCH = YES;
				SDKROOT = iphoneos;
				SWIFT_ACTIVE_COMPILATION_CONDITIONS = DEBUG;
				SWIFT_OPTIMIZATION_LEVEL = "-Onone";
			};
			name = Debug;
		};
		AC136788296CB10600F480CE /* Release */ = {
			isa = XCBuildConfiguration;
			buildSettings = {
				ALWAYS_SEARCH_USER_PATHS = NO;
				CLANG_ANALYZER_NONNULL = YES;
				CLANG_ANALYZER_NUMBER_OBJECT_CONVERSION = YES_AGGRESSIVE;
				CLANG_CXX_LANGUAGE_STANDARD = "gnu++20";
				CLANG_ENABLE_MODULES = YES;
				CLANG_ENABLE_OBJC_ARC = YES;
				CLANG_ENABLE_OBJC_WEAK = YES;
				CLANG_WARN_BLOCK_CAPTURE_AUTORELEASING = YES;
				CLANG_WARN_BOOL_CONVERSION = YES;
				CLANG_WARN_COMMA = YES;
				CLANG_WARN_CONSTANT_CONVERSION = YES;
				CLANG_WARN_DEPRECATED_OBJC_IMPLEMENTATIONS = YES;
				CLANG_WARN_DIRECT_OBJC_ISA_USAGE = YES_ERROR;
				CLANG_WARN_DOCUMENTATION_COMMENTS = YES;
				CLANG_WARN_EMPTY_BODY = YES;
				CLANG_WARN_ENUM_CONVERSION = YES;
				CLANG_WARN_INFINITE_RECURSION = YES;
				CLANG_WARN_INT_CONVERSION = YES;
				CLANG_WARN_NON_LITERAL_NULL_CONVERSION = YES;
				CLANG_WARN_OBJC_IMPLICIT_RETAIN_SELF = YES;
				CLANG_WARN_OBJC_LITERAL_CONVERSION = YES;
				CLANG_WARN_OBJC_ROOT_CLASS = YES_ERROR;
				CLANG_WARN_QUOTED_INCLUDE_IN_FRAMEWORK_HEADER = YES;
				CLANG_WARN_RANGE_LOOP_ANALYSIS = YES;
				CLANG_WARN_STRICT_PROTOTYPES = YES;
				CLANG_WARN_SUSPICIOUS_MOVE = YES;
				CLANG_WARN_UNGUARDED_AVAILABILITY = YES_AGGRESSIVE;
				CLANG_WARN_UNREACHABLE_CODE = YES;
				CLANG_WARN__DUPLICATE_METHOD_MATCH = YES;
				COPY_PHASE_STRIP = NO;
				DEBUG_INFORMATION_FORMAT = "dwarf-with-dsym";
				ENABLE_NS_ASSERTIONS = NO;
				ENABLE_STRICT_OBJC_MSGSEND = YES;
				GCC_C_LANGUAGE_STANDARD = gnu11;
				GCC_NO_COMMON_BLOCKS = YES;
				GCC_WARN_64_TO_32_BIT_CONVERSION = YES;
				GCC_WARN_ABOUT_RETURN_TYPE = YES_ERROR;
				GCC_WARN_UNDECLARED_SELECTOR = YES;
				GCC_WARN_UNINITIALIZED_AUTOS = YES_AGGRESSIVE;
				GCC_WARN_UNUSED_FUNCTION = YES;
				GCC_WARN_UNUSED_VARIABLE = YES;
				IPHONEOS_DEPLOYMENT_TARGET = 16.1;
				MTL_ENABLE_DEBUG_INFO = NO;
				MTL_FAST_MATH = YES;
				SDKROOT = iphoneos;
				SWIFT_COMPILATION_MODE = wholemodule;
				SWIFT_OPTIMIZATION_LEVEL = "-O";
				VALIDATE_PRODUCT = YES;
			};
			name = Release;
		};
		AC13678A296CB10600F480CE /* Debug */ = {
			isa = XCBuildConfiguration;
			buildSettings = {
				ASSETCATALOG_COMPILER_APPICON_NAME = AppIcon;
				ASSETCATALOG_COMPILER_GLOBAL_ACCENT_COLOR_NAME = AccentColor;
				CLANG_ENABLE_MODULES = YES;
				CODE_SIGN_STYLE = Automatic;
				CURRENT_PROJECT_VERSION = 1;
				DEVELOPMENT_ASSET_PATHS = "\"DopeCow/Preview Content\"";
				DEVELOPMENT_TEAM = "";
				ENABLE_PREVIEWS = YES;
				GENERATE_INFOPLIST_FILE = YES;
				INFOPLIST_KEY_UIApplicationSceneManifest_Generation = YES;
				INFOPLIST_KEY_UIApplicationSupportsIndirectInputEvents = YES;
				INFOPLIST_KEY_UILaunchScreen_Generation = YES;
				INFOPLIST_KEY_UISupportedInterfaceOrientations = "UIInterfaceOrientationLandscapeRight UIInterfaceOrientationPortrait";
				INFOPLIST_KEY_UISupportedInterfaceOrientations_iPad = UIInterfaceOrientationPortrait;
				IPHONEOS_DEPLOYMENT_TARGET = 15.6;
				LD_RUNPATH_SEARCH_PATHS = (
					"$(inherited)",
					"@executable_path/Frameworks",
				);
				MARKETING_VERSION = 1.0;
				PRODUCT_BUNDLE_IDENTIFIER = com.osm.DopeCow;
				PRODUCT_NAME = "$(TARGET_NAME)";
				SWIFT_EMIT_LOC_STRINGS = YES;
				SWIFT_OBJC_BRIDGING_HEADER = "DopeCow/DopeCow-Bridging-Header.h";
				SWIFT_OPTIMIZATION_LEVEL = "-Onone";
				SWIFT_VERSION = 5.0;
				TARGETED_DEVICE_FAMILY = "1,2";
			};
			name = Debug;
		};
		AC13678B296CB10600F480CE /* Release */ = {
			isa = XCBuildConfiguration;
			buildSettings = {
				ASSETCATALOG_COMPILER_APPICON_NAME = AppIcon;
				ASSETCATALOG_COMPILER_GLOBAL_ACCENT_COLOR_NAME = AccentColor;
				CLANG_ENABLE_MODULES = YES;
				CODE_SIGN_STYLE = Automatic;
				CURRENT_PROJECT_VERSION = 1;
				DEVELOPMENT_ASSET_PATHS = "\"DopeCow/Preview Content\"";
				DEVELOPMENT_TEAM = "";
				ENABLE_PREVIEWS = YES;
				GENERATE_INFOPLIST_FILE = YES;
				INFOPLIST_KEY_UIApplicationSceneManifest_Generation = YES;
				INFOPLIST_KEY_UIApplicationSupportsIndirectInputEvents = YES;
				INFOPLIST_KEY_UILaunchScreen_Generation = YES;
				INFOPLIST_KEY_UISupportedInterfaceOrientations = "UIInterfaceOrientationLandscapeRight UIInterfaceOrientationPortrait";
				INFOPLIST_KEY_UISupportedInterfaceOrientations_iPad = UIInterfaceOrientationPortrait;
				IPHONEOS_DEPLOYMENT_TARGET = 15.6;
				LD_RUNPATH_SEARCH_PATHS = (
					"$(inherited)",
					"@executable_path/Frameworks",
				);
				MARKETING_VERSION = 1.0;
				PRODUCT_BUNDLE_IDENTIFIER = com.osm.DopeCow;
				PRODUCT_NAME = "$(TARGET_NAME)";
				SWIFT_EMIT_LOC_STRINGS = YES;
				SWIFT_OBJC_BRIDGING_HEADER = "DopeCow/DopeCow-Bridging-Header.h";
				SWIFT_VERSION = 5.0;
				TARGETED_DEVICE_FAMILY = "1,2";
			};
			name = Release;
		};
/* End XCBuildConfiguration section */

/* Begin XCConfigurationList section */
		AC136776296CB10500F480CE /* Build configuration list for PBXProject "DopeCow" */ = {
			isa = XCConfigurationList;
			buildConfigurations = (
				AC136787296CB10600F480CE /* Debug */,
				AC136788296CB10600F480CE /* Release */,
			);
			defaultConfigurationIsVisible = 0;
			defaultConfigurationName = Release;
		};
		AC136789296CB10600F480CE /* Build configuration list for PBXNativeTarget "DopeCow" */ = {
			isa = XCConfigurationList;
			buildConfigurations = (
				AC13678A296CB10600F480CE /* Debug */,
				AC13678B296CB10600F480CE /* Release */,
			);
			defaultConfigurationIsVisible = 0;
			defaultConfigurationName = Release;
		};
/* End XCConfigurationList section */

/* Begin XCRemoteSwiftPackageReference section */
		ACDE8590296F54F400A43952 /* XCRemoteSwiftPackageReference "FilePicker" */ = {
			isa = XCRemoteSwiftPackageReference;
			repositoryURL = "https://github.com/markrenaud/FilePicker";
			requirement = {
				kind = upToNextMajorVersion;
				minimumVersion = 1.0.0;
			};
		};
/* End XCRemoteSwiftPackageReference section */

/* Begin XCSwiftPackageProductDependency section */
		ACDE8591296F54F400A43952 /* FilePicker */ = {
			isa = XCSwiftPackageProductDependency;
			package = ACDE8590296F54F400A43952 /* XCRemoteSwiftPackageReference "FilePicker" */;
			productName = FilePicker;
		};
/* End XCSwiftPackageProductDependency section */
	};
	rootObject = AC136773296CB10500F480CE /* Project object */;
}
